// !$*UTF8*$!
{
	archiveVersion = 1;
	classes = {
	};
	objectVersion = 77;
	objects = {

/* Begin PBXBuildFile section */
		CE080CF22D8894A100429809 /* VectorEntity.xcdatamodeld in Sources */ = {isa = PBXBuildFile; fileRef = CE080CE62D8894A100429809 /* VectorEntity.xcdatamodeld */; };
		CE080CF32D8894A100429809 /* AppDelegate.swift in Sources */ = {isa = PBXBuildFile; fileRef = CE080CE72D8894A100429809 /* AppDelegate.swift */; };
		CE080CF42D8894A100429809 /* SceneDelegate.swift in Sources */ = {isa = PBXBuildFile; fileRef = CE080CEE2D8894A100429809 /* SceneDelegate.swift */; };
		CE080CF62D8894A100429809 /* Assets.xcassets in Resources */ = {isa = PBXBuildFile; fileRef = CE080CE82D8894A100429809 /* Assets.xcassets */; };
		CE080CF82D8894A100429809 /* LaunchScreen.storyboard in Resources */ = {isa = PBXBuildFile; fileRef = CE080CEB2D8894A100429809 /* LaunchScreen.storyboard */; };
		CE080D092D88975F00429809 /* StorageManager.swift in Sources */ = {isa = PBXBuildFile; fileRef = CE080D082D88975A00429809 /* StorageManager.swift */; };
		CE080D0F2D88A2FC00429809 /* VectorModel.swift in Sources */ = {isa = PBXBuildFile; fileRef = CE080D0E2D88A2F400429809 /* VectorModel.swift */; };
		CE080D122D88A6E200429809 /* Extension + UIColor.swift in Sources */ = {isa = PBXBuildFile; fileRef = CE080D112D88A6D800429809 /* Extension + UIColor.swift */; };
		CEC01A332D91C11200E97C0D /* TestCanvas.swift in Sources */ = {isa = PBXBuildFile; fileRef = CEC01A322D91C11200E97C0D /* TestCanvas.swift */; };
		CEC01A362D91C12F00E97C0D /* Extension + UIBezierPath.swift in Sources */ = {isa = PBXBuildFile; fileRef = CEC01A352D91C12F00E97C0D /* Extension + UIBezierPath.swift */; };
		CEC01A372D91C12F00E97C0D /* Extension + SKShapeNode.swift in Sources */ = {isa = PBXBuildFile; fileRef = CEC01A342D91C12F00E97C0D /* Extension + SKShapeNode.swift */; };
		CEC01A542D91C17B00E97C0D /* MainViewController.swift in Sources */ = {isa = PBXBuildFile; fileRef = CEC01A472D91C17B00E97C0D /* MainViewController.swift */; };
		CEC01A552D91C17B00E97C0D /* MainModel.swift in Sources */ = {isa = PBXBuildFile; fileRef = CEC01A442D91C17B00E97C0D /* MainModel.swift */; };
		CEC01A562D91C17B00E97C0D /* MainInteractor.swift in Sources */ = {isa = PBXBuildFile; fileRef = CEC01A432D91C17B00E97C0D /* MainInteractor.swift */; };
		CEC01A572D91C17B00E97C0D /* SideMenuConfigurator.swift in Sources */ = {isa = PBXBuildFile; fileRef = CEC01A4C2D91C17B00E97C0D /* SideMenuConfigurator.swift */; };
		CEC01A582D91C17B00E97C0D /* MainWorker.swift in Sources */ = {isa = PBXBuildFile; fileRef = CEC01A482D91C17B00E97C0D /* MainWorker.swift */; };
		CEC01A592D91C17B00E97C0D /* MainPresenter.swift in Sources */ = {isa = PBXBuildFile; fileRef = CEC01A452D91C17B00E97C0D /* MainPresenter.swift */; };
		CEC01A5A2D91C17B00E97C0D /* AddVectorViewController.swift in Sources */ = {isa = PBXBuildFile; fileRef = CEC01A3F2D91C17B00E97C0D /* AddVectorViewController.swift */; };
		CEC01A5B2D91C17B00E97C0D /* SideMenuWorker.swift in Sources */ = {isa = PBXBuildFile; fileRef = CEC01A522D91C17B00E97C0D /* SideMenuWorker.swift */; };
		CEC01A5C2D91C17B00E97C0D /* SideMenuCell.swift in Sources */ = {isa = PBXBuildFile; fileRef = CEC01A4A2D91C17B00E97C0D /* SideMenuCell.swift */; };
		CEC01A5D2D91C17B00E97C0D /* SideMenuRouter.swift in Sources */ = {isa = PBXBuildFile; fileRef = CEC01A502D91C17B00E97C0D /* SideMenuRouter.swift */; };
		CEC01A5E2D91C17B00E97C0D /* SideMenuPresenter.swift in Sources */ = {isa = PBXBuildFile; fileRef = CEC01A4F2D91C17B00E97C0D /* SideMenuPresenter.swift */; };
		CEC01A5F2D91C17B00E97C0D /* SideMenuViewController.swift in Sources */ = {isa = PBXBuildFile; fileRef = CEC01A512D91C17B00E97C0D /* SideMenuViewController.swift */; };
		CEC01A602D91C17B00E97C0D /* AddVectorRouter.swift in Sources */ = {isa = PBXBuildFile; fileRef = CEC01A3E2D91C17B00E97C0D /* AddVectorRouter.swift */; };
		CEC01A612D91C17B00E97C0D /* SideMenuModel.swift in Sources */ = {isa = PBXBuildFile; fileRef = CEC01A4E2D91C17B00E97C0D /* SideMenuModel.swift */; };
		CEC01A622D91C17B00E97C0D /* AddVectorWorker.swift in Sources */ = {isa = PBXBuildFile; fileRef = CEC01A402D91C17B00E97C0D /* AddVectorWorker.swift */; };
		CEC01A632D91C17B00E97C0D /* AddVectorModel.swift in Sources */ = {isa = PBXBuildFile; fileRef = CEC01A3C2D91C17B00E97C0D /* AddVectorModel.swift */; };
		CEC01A642D91C17B00E97C0D /* AddVectorConfigurator.swift in Sources */ = {isa = PBXBuildFile; fileRef = CEC01A3A2D91C17B00E97C0D /* AddVectorConfigurator.swift */; };
		CEC01A652D91C17B00E97C0D /* AddVectorPresenter.swift in Sources */ = {isa = PBXBuildFile; fileRef = CEC01A3D2D91C17B00E97C0D /* AddVectorPresenter.swift */; };
		CEC01A662D91C17B00E97C0D /* SideMenuInteractor.swift in Sources */ = {isa = PBXBuildFile; fileRef = CEC01A4D2D91C17B00E97C0D /* SideMenuInteractor.swift */; };
		CEC01A672D91C17B00E97C0D /* MainConfigurator.swift in Sources */ = {isa = PBXBuildFile; fileRef = CEC01A422D91C17B00E97C0D /* MainConfigurator.swift */; };
		CEC01A682D91C17B00E97C0D /* MainRouter.swift in Sources */ = {isa = PBXBuildFile; fileRef = CEC01A462D91C17B00E97C0D /* MainRouter.swift */; };
		CEC01A692D91C17B00E97C0D /* AddVectorInteractor.swift in Sources */ = {isa = PBXBuildFile; fileRef = CEC01A3B2D91C17B00E97C0D /* AddVectorInteractor.swift */; };
		CEC01A6B2D91C22D00E97C0D /* CustomButton.swift in Sources */ = {isa = PBXBuildFile; fileRef = CEC01A6A2D91C22D00E97C0D /* CustomButton.swift */; };
		CEC8A6972D8B2727009A48FC /* TextField.swift in Sources */ = {isa = PBXBuildFile; fileRef = CEC8A6962D8B2727009A48FC /* TextField.swift */; };
		CEC8A6992D8B2A77009A48FC /* Extension + UIView.swift in Sources */ = {isa = PBXBuildFile; fileRef = CEC8A6982D8B2A71009A48FC /* Extension + UIView.swift */; };
		CEC8A69B2D8B2BE8009A48FC /* Label.swift in Sources */ = {isa = PBXBuildFile; fileRef = CEC8A69A2D8B2BE8009A48FC /* Label.swift */; };
		CECBD9382D8C709E002E596B /* Canvas.swift in Sources */ = {isa = PBXBuildFile; fileRef = CECBD9372D8C7097002E596B /* Canvas.swift */; };
		CECBD93A2D8CA5F3002E596B /* Extension + Collection.swift in Sources */ = {isa = PBXBuildFile; fileRef = CECBD9392D8CA5EA002E596B /* Extension + Collection.swift */; };
/* End PBXBuildFile section */

/* Begin PBXFileReference section */
		CE080CCB2D88949700429809 /* Align2D.app */ = {isa = PBXFileReference; explicitFileType = wrapper.application; includeInIndex = 0; path = Align2D.app; sourceTree = BUILT_PRODUCTS_DIR; };
		CE080CE72D8894A100429809 /* AppDelegate.swift */ = {isa = PBXFileReference; lastKnownFileType = sourcecode.swift; path = AppDelegate.swift; sourceTree = "<group>"; };
		CE080CE82D8894A100429809 /* Assets.xcassets */ = {isa = PBXFileReference; lastKnownFileType = folder.assetcatalog; path = Assets.xcassets; sourceTree = "<group>"; };
		CE080CE92D8894A100429809 /* Info.plist */ = {isa = PBXFileReference; lastKnownFileType = text.plist.xml; path = Info.plist; sourceTree = "<group>"; };
		CE080CEA2D8894A100429809 /* Base */ = {isa = PBXFileReference; lastKnownFileType = file.storyboard; name = Base; path = Base.lproj/LaunchScreen.storyboard; sourceTree = "<group>"; };
		CE080CEE2D8894A100429809 /* SceneDelegate.swift */ = {isa = PBXFileReference; lastKnownFileType = sourcecode.swift; path = SceneDelegate.swift; sourceTree = "<group>"; };
		CE080CF12D8894A100429809 /* VectorEntity.xcdatamodel */ = {isa = PBXFileReference; lastKnownFileType = wrapper.xcdatamodel; path = VectorEntity.xcdatamodel; sourceTree = "<group>"; };
		CE080D082D88975A00429809 /* StorageManager.swift */ = {isa = PBXFileReference; lastKnownFileType = sourcecode.swift; path = StorageManager.swift; sourceTree = "<group>"; };
		CE080D0E2D88A2F400429809 /* VectorModel.swift */ = {isa = PBXFileReference; lastKnownFileType = sourcecode.swift; path = VectorModel.swift; sourceTree = "<group>"; };
		CE080D112D88A6D800429809 /* Extension + UIColor.swift */ = {isa = PBXFileReference; lastKnownFileType = sourcecode.swift; path = "Extension + UIColor.swift"; sourceTree = "<group>"; };
		CEC01A322D91C11200E97C0D /* TestCanvas.swift */ = {isa = PBXFileReference; lastKnownFileType = sourcecode.swift; path = TestCanvas.swift; sourceTree = "<group>"; };
		CEC01A342D91C12F00E97C0D /* Extension + SKShapeNode.swift */ = {isa = PBXFileReference; lastKnownFileType = sourcecode.swift; path = "Extension + SKShapeNode.swift"; sourceTree = "<group>"; };
		CEC01A352D91C12F00E97C0D /* Extension + UIBezierPath.swift */ = {isa = PBXFileReference; lastKnownFileType = sourcecode.swift; path = "Extension + UIBezierPath.swift"; sourceTree = "<group>"; };
		CEC01A3A2D91C17B00E97C0D /* AddVectorConfigurator.swift */ = {isa = PBXFileReference; lastKnownFileType = sourcecode.swift; path = AddVectorConfigurator.swift; sourceTree = "<group>"; };
		CEC01A3B2D91C17B00E97C0D /* AddVectorInteractor.swift */ = {isa = PBXFileReference; lastKnownFileType = sourcecode.swift; path = AddVectorInteractor.swift; sourceTree = "<group>"; };
		CEC01A3C2D91C17B00E97C0D /* AddVectorModel.swift */ = {isa = PBXFileReference; lastKnownFileType = sourcecode.swift; path = AddVectorModel.swift; sourceTree = "<group>"; };
		CEC01A3D2D91C17B00E97C0D /* AddVectorPresenter.swift */ = {isa = PBXFileReference; lastKnownFileType = sourcecode.swift; path = AddVectorPresenter.swift; sourceTree = "<group>"; };
		CEC01A3E2D91C17B00E97C0D /* AddVectorRouter.swift */ = {isa = PBXFileReference; lastKnownFileType = sourcecode.swift; path = AddVectorRouter.swift; sourceTree = "<group>"; };
		CEC01A3F2D91C17B00E97C0D /* AddVectorViewController.swift */ = {isa = PBXFileReference; lastKnownFileType = sourcecode.swift; path = AddVectorViewController.swift; sourceTree = "<group>"; };
		CEC01A402D91C17B00E97C0D /* AddVectorWorker.swift */ = {isa = PBXFileReference; lastKnownFileType = sourcecode.swift; path = AddVectorWorker.swift; sourceTree = "<group>"; };
		CEC01A422D91C17B00E97C0D /* MainConfigurator.swift */ = {isa = PBXFileReference; lastKnownFileType = sourcecode.swift; path = MainConfigurator.swift; sourceTree = "<group>"; };
		CEC01A432D91C17B00E97C0D /* MainInteractor.swift */ = {isa = PBXFileReference; lastKnownFileType = sourcecode.swift; path = MainInteractor.swift; sourceTree = "<group>"; };
		CEC01A442D91C17B00E97C0D /* MainModel.swift */ = {isa = PBXFileReference; lastKnownFileType = sourcecode.swift; path = MainModel.swift; sourceTree = "<group>"; };
		CEC01A452D91C17B00E97C0D /* MainPresenter.swift */ = {isa = PBXFileReference; lastKnownFileType = sourcecode.swift; path = MainPresenter.swift; sourceTree = "<group>"; };
		CEC01A462D91C17B00E97C0D /* MainRouter.swift */ = {isa = PBXFileReference; lastKnownFileType = sourcecode.swift; path = MainRouter.swift; sourceTree = "<group>"; };
		CEC01A472D91C17B00E97C0D /* MainViewController.swift */ = {isa = PBXFileReference; lastKnownFileType = sourcecode.swift; path = MainViewController.swift; sourceTree = "<group>"; };
		CEC01A482D91C17B00E97C0D /* MainWorker.swift */ = {isa = PBXFileReference; lastKnownFileType = sourcecode.swift; path = MainWorker.swift; sourceTree = "<group>"; };
		CEC01A4A2D91C17B00E97C0D /* SideMenuCell.swift */ = {isa = PBXFileReference; lastKnownFileType = sourcecode.swift; path = SideMenuCell.swift; sourceTree = "<group>"; };
		CEC01A4C2D91C17B00E97C0D /* SideMenuConfigurator.swift */ = {isa = PBXFileReference; lastKnownFileType = sourcecode.swift; path = SideMenuConfigurator.swift; sourceTree = "<group>"; };
		CEC01A4D2D91C17B00E97C0D /* SideMenuInteractor.swift */ = {isa = PBXFileReference; lastKnownFileType = sourcecode.swift; path = SideMenuInteractor.swift; sourceTree = "<group>"; };
		CEC01A4E2D91C17B00E97C0D /* SideMenuModel.swift */ = {isa = PBXFileReference; lastKnownFileType = sourcecode.swift; path = SideMenuModel.swift; sourceTree = "<group>"; };
		CEC01A4F2D91C17B00E97C0D /* SideMenuPresenter.swift */ = {isa = PBXFileReference; lastKnownFileType = sourcecode.swift; path = SideMenuPresenter.swift; sourceTree = "<group>"; };
		CEC01A502D91C17B00E97C0D /* SideMenuRouter.swift */ = {isa = PBXFileReference; lastKnownFileType = sourcecode.swift; path = SideMenuRouter.swift; sourceTree = "<group>"; };
		CEC01A512D91C17B00E97C0D /* SideMenuViewController.swift */ = {isa = PBXFileReference; lastKnownFileType = sourcecode.swift; path = SideMenuViewController.swift; sourceTree = "<group>"; };
		CEC01A522D91C17B00E97C0D /* SideMenuWorker.swift */ = {isa = PBXFileReference; lastKnownFileType = sourcecode.swift; path = SideMenuWorker.swift; sourceTree = "<group>"; };
		CEC01A6A2D91C22D00E97C0D /* CustomButton.swift */ = {isa = PBXFileReference; lastKnownFileType = sourcecode.swift; path = CustomButton.swift; sourceTree = "<group>"; };
		CEC8A6962D8B2727009A48FC /* TextField.swift */ = {isa = PBXFileReference; lastKnownFileType = sourcecode.swift; path = TextField.swift; sourceTree = "<group>"; };
		CEC8A6982D8B2A71009A48FC /* Extension + UIView.swift */ = {isa = PBXFileReference; lastKnownFileType = sourcecode.swift; path = "Extension + UIView.swift"; sourceTree = "<group>"; };
		CEC8A69A2D8B2BE8009A48FC /* Label.swift */ = {isa = PBXFileReference; lastKnownFileType = sourcecode.swift; path = Label.swift; sourceTree = "<group>"; };
		CECBD9372D8C7097002E596B /* Canvas.swift */ = {isa = PBXFileReference; lastKnownFileType = sourcecode.swift; path = Canvas.swift; sourceTree = "<group>"; };
		CECBD9392D8CA5EA002E596B /* Extension + Collection.swift */ = {isa = PBXFileReference; lastKnownFileType = sourcecode.swift; path = "Extension + Collection.swift"; sourceTree = "<group>"; };
/* End PBXFileReference section */

/* Begin PBXFrameworksBuildPhase section */
		CE080CC82D88949700429809 /* Frameworks */ = {
			isa = PBXFrameworksBuildPhase;
			buildActionMask = 2147483647;
			files = (
			);
			runOnlyForDeploymentPostprocessing = 0;
		};
/* End PBXFrameworksBuildPhase section */

/* Begin PBXGroup section */
		CE080CC22D88949700429809 = {
			isa = PBXGroup;
			children = (
				CE080CF02D8894A100429809 /* Align2D */,
				CE080CCC2D88949700429809 /* Products */,
			);
			sourceTree = "<group>";
		};
		CE080CCC2D88949700429809 /* Products */ = {
			isa = PBXGroup;
			children = (
				CE080CCB2D88949700429809 /* Align2D.app */,
			);
			name = Products;
			sourceTree = "<group>";
		};
		CE080CF02D8894A100429809 /* Align2D */ = {
			isa = PBXGroup;
			children = (
				CEC8A6932D8B26F0009A48FC /* Views */,
				CE080D132D88C5FF00429809 /* Canvas */,
				CEED79832D8DD6D3008B0FE3 /* ViewControllers */,
				CE080CFC2D88951500429809 /* Models */,
				CE080CFE2D88968D00429809 /* Services */,
				CE080D102D88A6D100429809 /* Extensions */,
				CE080D072D8896D500429809 /* LaunchScreen */,
				CE080CFB2D88950900429809 /* Resources */,
				CE080CFA2D8894E800429809 /* Apps */,
			);
			path = Align2D;
			sourceTree = "<group>";
		};
		CE080CFA2D8894E800429809 /* Apps */ = {
			isa = PBXGroup;
			children = (
				CE080CE72D8894A100429809 /* AppDelegate.swift */,
				CE080CEE2D8894A100429809 /* SceneDelegate.swift */,
				CE080CE92D8894A100429809 /* Info.plist */,
			);
			path = Apps;
			sourceTree = "<group>";
		};
		CE080CFB2D88950900429809 /* Resources */ = {
			isa = PBXGroup;
			children = (
				CE080CE82D8894A100429809 /* Assets.xcassets */,
			);
			path = Resources;
			sourceTree = "<group>";
		};
		CE080CFC2D88951500429809 /* Models */ = {
			isa = PBXGroup;
			children = (
				CE080D0E2D88A2F400429809 /* VectorModel.swift */,
				CE080CE62D8894A100429809 /* VectorEntity.xcdatamodeld */,
			);
			path = Models;
			sourceTree = "<group>";
		};
		CE080CFE2D88968D00429809 /* Services */ = {
			isa = PBXGroup;
			children = (
				CE080D082D88975A00429809 /* StorageManager.swift */,
			);
			path = Services;
			sourceTree = "<group>";
		};
		CE080D072D8896D500429809 /* LaunchScreen */ = {
			isa = PBXGroup;
			children = (
				CE080CEB2D8894A100429809 /* LaunchScreen.storyboard */,
			);
			path = LaunchScreen;
			sourceTree = "<group>";
		};
		CE080D102D88A6D100429809 /* Extensions */ = {
			isa = PBXGroup;
			children = (
				CEC01A342D91C12F00E97C0D /* Extension + SKShapeNode.swift */,
				CEC01A352D91C12F00E97C0D /* Extension + UIBezierPath.swift */,
				CE080D112D88A6D800429809 /* Extension + UIColor.swift */,
				CEC8A6982D8B2A71009A48FC /* Extension + UIView.swift */,
				CECBD9392D8CA5EA002E596B /* Extension + Collection.swift */,
			);
			path = Extensions;
			sourceTree = "<group>";
		};
		CE080D132D88C5FF00429809 /* Canvas */ = {
			isa = PBXGroup;
			children = (
				CECBD9372D8C7097002E596B /* Canvas.swift */,
				CEC01A322D91C11200E97C0D /* TestCanvas.swift */,
			);
			path = Canvas;
			sourceTree = "<group>";
		};
		CEC01A412D91C17B00E97C0D /* AddVectorViewController */ = {
			isa = PBXGroup;
			children = (
				CEC01A3A2D91C17B00E97C0D /* AddVectorConfigurator.swift */,
				CEC01A3B2D91C17B00E97C0D /* AddVectorInteractor.swift */,
				CEC01A3C2D91C17B00E97C0D /* AddVectorModel.swift */,
				CEC01A3D2D91C17B00E97C0D /* AddVectorPresenter.swift */,
				CEC01A3E2D91C17B00E97C0D /* AddVectorRouter.swift */,
				CEC01A3F2D91C17B00E97C0D /* AddVectorViewController.swift */,
				CEC01A402D91C17B00E97C0D /* AddVectorWorker.swift */,
			);
			path = AddVectorViewController;
			sourceTree = "<group>";
		};
		CEC01A492D91C17B00E97C0D /* MainViewController */ = {
			isa = PBXGroup;
			children = (
				CEC01A422D91C17B00E97C0D /* MainConfigurator.swift */,
				CEC01A432D91C17B00E97C0D /* MainInteractor.swift */,
				CEC01A442D91C17B00E97C0D /* MainModel.swift */,
				CEC01A452D91C17B00E97C0D /* MainPresenter.swift */,
				CEC01A462D91C17B00E97C0D /* MainRouter.swift */,
				CEC01A472D91C17B00E97C0D /* MainViewController.swift */,
				CEC01A482D91C17B00E97C0D /* MainWorker.swift */,
			);
			path = MainViewController;
			sourceTree = "<group>";
		};
		CEC01A4B2D91C17B00E97C0D /* SideMenuCell */ = {
			isa = PBXGroup;
			children = (
				CEC01A4A2D91C17B00E97C0D /* SideMenuCell.swift */,
			);
			path = SideMenuCell;
			sourceTree = "<group>";
		};
		CEC01A532D91C17B00E97C0D /* SideMenuViewController */ = {
			isa = PBXGroup;
			children = (
				CEC01A4B2D91C17B00E97C0D /* SideMenuCell */,
				CEC01A4C2D91C17B00E97C0D /* SideMenuConfigurator.swift */,
				CEC01A4D2D91C17B00E97C0D /* SideMenuInteractor.swift */,
				CEC01A4E2D91C17B00E97C0D /* SideMenuModel.swift */,
				CEC01A4F2D91C17B00E97C0D /* SideMenuPresenter.swift */,
				CEC01A502D91C17B00E97C0D /* SideMenuRouter.swift */,
				CEC01A512D91C17B00E97C0D /* SideMenuViewController.swift */,
				CEC01A522D91C17B00E97C0D /* SideMenuWorker.swift */,
			);
			path = SideMenuViewController;
			sourceTree = "<group>";
		};
		CEC8A6932D8B26F0009A48FC /* Views */ = {
			isa = PBXGroup;
			children = (
				CEC8A6962D8B2727009A48FC /* TextField.swift */,
				CEC01A6A2D91C22D00E97C0D /* CustomButton.swift */,
				CEC8A69A2D8B2BE8009A48FC /* Label.swift */,
			);
			path = Views;
			sourceTree = "<group>";
		};
		CEED79832D8DD6D3008B0FE3 /* ViewControllers */ = {
			isa = PBXGroup;
			children = (
				CEC01A412D91C17B00E97C0D /* AddVectorViewController */,
				CEC01A492D91C17B00E97C0D /* MainViewController */,
				CEC01A532D91C17B00E97C0D /* SideMenuViewController */,
			);
			path = ViewControllers;
			sourceTree = "<group>";
		};
/* End PBXGroup section */

/* Begin PBXNativeTarget section */
		CE080CCA2D88949700429809 /* Align2D */ = {
			isa = PBXNativeTarget;
			buildConfigurationList = CE080CE12D88949A00429809 /* Build configuration list for PBXNativeTarget "Align2D" */;
			buildPhases = (
				CE080CC72D88949700429809 /* Sources */,
				CE080CC82D88949700429809 /* Frameworks */,
				CE080CC92D88949700429809 /* Resources */,
			);
			buildRules = (
			);
			dependencies = (
			);
			name = Align2D;
			packageProductDependencies = (
			);
			productName = Align2D;
			productReference = CE080CCB2D88949700429809 /* Align2D.app */;
			productType = "com.apple.product-type.application";
		};
/* End PBXNativeTarget section */

/* Begin PBXProject section */
		CE080CC32D88949700429809 /* Project object */ = {
			isa = PBXProject;
			attributes = {
				BuildIndependentTargetsInParallel = 1;
				LastSwiftUpdateCheck = 1620;
				LastUpgradeCheck = 1620;
				TargetAttributes = {
					CE080CCA2D88949700429809 = {
						CreatedOnToolsVersion = 16.2;
					};
				};
			};
			buildConfigurationList = CE080CC62D88949700429809 /* Build configuration list for PBXProject "Align2D" */;
			developmentRegion = en;
			hasScannedForEncodings = 0;
			knownRegions = (
				en,
				Base,
			);
			mainGroup = CE080CC22D88949700429809;
			minimizedProjectReferenceProxies = 1;
			preferredProjectObjectVersion = 77;
			productRefGroup = CE080CCC2D88949700429809 /* Products */;
			projectDirPath = "";
			projectRoot = "";
			targets = (
				CE080CCA2D88949700429809 /* Align2D */,
			);
		};
/* End PBXProject section */

/* Begin PBXResourcesBuildPhase section */
		CE080CC92D88949700429809 /* Resources */ = {
			isa = PBXResourcesBuildPhase;
			buildActionMask = 2147483647;
			files = (
				CE080CF62D8894A100429809 /* Assets.xcassets in Resources */,
				CE080CF82D8894A100429809 /* LaunchScreen.storyboard in Resources */,
			);
			runOnlyForDeploymentPostprocessing = 0;
		};
/* End PBXResourcesBuildPhase section */

/* Begin PBXSourcesBuildPhase section */
		CE080CC72D88949700429809 /* Sources */ = {
			isa = PBXSourcesBuildPhase;
			buildActionMask = 2147483647;
			files = (
				CE080CF22D8894A100429809 /* VectorEntity.xcdatamodeld in Sources */,
				CEC8A69B2D8B2BE8009A48FC /* Label.swift in Sources */,
				CEC8A6972D8B2727009A48FC /* TextField.swift in Sources */,
				CEC01A332D91C11200E97C0D /* TestCanvas.swift in Sources */,
				CE080CF32D8894A100429809 /* AppDelegate.swift in Sources */,
				CE080CF42D8894A100429809 /* SceneDelegate.swift in Sources */,
				CECBD93A2D8CA5F3002E596B /* Extension + Collection.swift in Sources */,
				CEC01A362D91C12F00E97C0D /* Extension + UIBezierPath.swift in Sources */,
				CEC01A542D91C17B00E97C0D /* MainViewController.swift in Sources */,
				CEC01A552D91C17B00E97C0D /* MainModel.swift in Sources */,
				CEC01A562D91C17B00E97C0D /* MainInteractor.swift in Sources */,
				CEC01A572D91C17B00E97C0D /* SideMenuConfigurator.swift in Sources */,
				CEC01A582D91C17B00E97C0D /* MainWorker.swift in Sources */,
				CEC01A592D91C17B00E97C0D /* MainPresenter.swift in Sources */,
				CEC01A5A2D91C17B00E97C0D /* AddVectorViewController.swift in Sources */,
				CEC01A5B2D91C17B00E97C0D /* SideMenuWorker.swift in Sources */,
				CEC01A5C2D91C17B00E97C0D /* SideMenuCell.swift in Sources */,
				CEC01A5D2D91C17B00E97C0D /* SideMenuRouter.swift in Sources */,
				CEC01A5E2D91C17B00E97C0D /* SideMenuPresenter.swift in Sources */,
				CEC01A5F2D91C17B00E97C0D /* SideMenuViewController.swift in Sources */,
				CEC01A602D91C17B00E97C0D /* AddVectorRouter.swift in Sources */,
				CEC01A612D91C17B00E97C0D /* SideMenuModel.swift in Sources */,
				CEC01A622D91C17B00E97C0D /* AddVectorWorker.swift in Sources */,
				CEC01A632D91C17B00E97C0D /* AddVectorModel.swift in Sources */,
				CEC01A642D91C17B00E97C0D /* AddVectorConfigurator.swift in Sources */,
				CEC01A6B2D91C22D00E97C0D /* CustomButton.swift in Sources */,
				CEC01A652D91C17B00E97C0D /* AddVectorPresenter.swift in Sources */,
				CEC01A662D91C17B00E97C0D /* SideMenuInteractor.swift in Sources */,
				CEC01A672D91C17B00E97C0D /* MainConfigurator.swift in Sources */,
				CEC01A682D91C17B00E97C0D /* MainRouter.swift in Sources */,
				CEC01A692D91C17B00E97C0D /* AddVectorInteractor.swift in Sources */,
				CEC01A372D91C12F00E97C0D /* Extension + SKShapeNode.swift in Sources */,
				CE080D122D88A6E200429809 /* Extension + UIColor.swift in Sources */,
				CE080D0F2D88A2FC00429809 /* VectorModel.swift in Sources */,
				CECBD9382D8C709E002E596B /* Canvas.swift in Sources */,
				CE080D092D88975F00429809 /* StorageManager.swift in Sources */,
				CEC8A6992D8B2A77009A48FC /* Extension + UIView.swift in Sources */,
			);
			runOnlyForDeploymentPostprocessing = 0;
		};
/* End PBXSourcesBuildPhase section */

/* Begin PBXVariantGroup section */
		CE080CEB2D8894A100429809 /* LaunchScreen.storyboard */ = {
			isa = PBXVariantGroup;
			children = (
				CE080CEA2D8894A100429809 /* Base */,
			);
			name = LaunchScreen.storyboard;
			sourceTree = "<group>";
		};
/* End PBXVariantGroup section */

/* Begin XCBuildConfiguration section */
		CE080CE22D88949A00429809 /* Debug */ = {
			isa = XCBuildConfiguration;
			buildSettings = {
				ASSETCATALOG_COMPILER_APPICON_NAME = AppIcon;
				ASSETCATALOG_COMPILER_GLOBAL_ACCENT_COLOR_NAME = AccentColor;
				CODE_SIGN_STYLE = Automatic;
				CURRENT_PROJECT_VERSION = 1;
				DEVELOPMENT_TEAM = 24Q9WM75S6;
				GENERATE_INFOPLIST_FILE = YES;
				INFOPLIST_FILE = Align2D/Apps/Info.plist;
				INFOPLIST_KEY_UIApplicationSupportsIndirectInputEvents = YES;
				INFOPLIST_KEY_UILaunchStoryboardName = LaunchScreen;
				INFOPLIST_KEY_UISupportedInterfaceOrientations = UIInterfaceOrientationPortrait;
				INFOPLIST_KEY_UISupportedInterfaceOrientations_iPad = "UIInterfaceOrientationLandscapeLeft UIInterfaceOrientationLandscapeRight UIInterfaceOrientationPortrait UIInterfaceOrientationPortraitUpsideDown";
				IPHONEOS_DEPLOYMENT_TARGET = 17.0;
				LD_RUNPATH_SEARCH_PATHS = (
					"$(inherited)",
					"@executable_path/Frameworks",
				);
				MARKETING_VERSION = 1.0;
				PRODUCT_BUNDLE_IDENTIFIER = AlexHalushko.Align2D;
				PRODUCT_NAME = "$(TARGET_NAME)";
				SUPPORTED_PLATFORMS = "iphoneos iphonesimulator";
				SUPPORTS_MACCATALYST = NO;
				SUPPORTS_MAC_DESIGNED_FOR_IPHONE_IPAD = NO;
				SUPPORTS_XR_DESIGNED_FOR_IPHONE_IPAD = NO;
				SWIFT_EMIT_LOC_STRINGS = YES;
				SWIFT_VERSION = 5.0;
				TARGETED_DEVICE_FAMILY = 1;
			};
			name = Debug;
		};
		CE080CE32D88949A00429809 /* Release */ = {
			isa = XCBuildConfiguration;
			buildSettings = {
				ASSETCATALOG_COMPILER_APPICON_NAME = AppIcon;
				ASSETCATALOG_COMPILER_GLOBAL_ACCENT_COLOR_NAME = AccentColor;
				CODE_SIGN_STYLE = Automatic;
				CURRENT_PROJECT_VERSION = 1;
				DEVELOPMENT_TEAM = 24Q9WM75S6;
				GENERATE_INFOPLIST_FILE = YES;
				INFOPLIST_FILE = Align2D/Apps/Info.plist;
				INFOPLIST_KEY_UIApplicationSupportsIndirectInputEvents = YES;
				INFOPLIST_KEY_UILaunchStoryboardName = LaunchScreen;
				INFOPLIST_KEY_UISupportedInterfaceOrientations = UIInterfaceOrientationPortrait;
				INFOPLIST_KEY_UISupportedInterfaceOrientations_iPad = "UIInterfaceOrientationLandscapeLeft UIInterfaceOrientationLandscapeRight UIInterfaceOrientationPortrait UIInterfaceOrientationPortraitUpsideDown";
				IPHONEOS_DEPLOYMENT_TARGET = 17.0;
				LD_RUNPATH_SEARCH_PATHS = (
					"$(inherited)",
					"@executable_path/Frameworks",
				);
				MARKETING_VERSION = 1.0;
				PRODUCT_BUNDLE_IDENTIFIER = AlexHalushko.Align2D;
				PRODUCT_NAME = "$(TARGET_NAME)";
				SUPPORTED_PLATFORMS = "iphoneos iphonesimulator";
				SUPPORTS_MACCATALYST = NO;
				SUPPORTS_MAC_DESIGNED_FOR_IPHONE_IPAD = NO;
				SUPPORTS_XR_DESIGNED_FOR_IPHONE_IPAD = NO;
				SWIFT_EMIT_LOC_STRINGS = YES;
				SWIFT_VERSION = 5.0;
				TARGETED_DEVICE_FAMILY = 1;
			};
			name = Release;
		};
		CE080CE42D88949A00429809 /* Debug */ = {
			isa = XCBuildConfiguration;
			buildSettings = {
				ALWAYS_SEARCH_USER_PATHS = NO;
				ASSETCATALOG_COMPILER_GENERATE_SWIFT_ASSET_SYMBOL_EXTENSIONS = YES;
				CLANG_ANALYZER_NONNULL = YES;
				CLANG_ANALYZER_NUMBER_OBJECT_CONVERSION = YES_AGGRESSIVE;
				CLANG_CXX_LANGUAGE_STANDARD = "gnu++20";
				CLANG_ENABLE_MODULES = YES;
				CLANG_ENABLE_OBJC_ARC = YES;
				CLANG_ENABLE_OBJC_WEAK = YES;
				CLANG_WARN_BLOCK_CAPTURE_AUTORELEASING = YES;
				CLANG_WARN_BOOL_CONVERSION = YES;
				CLANG_WARN_COMMA = YES;
				CLANG_WARN_CONSTANT_CONVERSION = YES;
				CLANG_WARN_DEPRECATED_OBJC_IMPLEMENTATIONS = YES;
				CLANG_WARN_DIRECT_OBJC_ISA_USAGE = YES_ERROR;
				CLANG_WARN_DOCUMENTATION_COMMENTS = YES;
				CLANG_WARN_EMPTY_BODY = YES;
				CLANG_WARN_ENUM_CONVERSION = YES;
				CLANG_WARN_INFINITE_RECURSION = YES;
				CLANG_WARN_INT_CONVERSION = YES;
				CLANG_WARN_NON_LITERAL_NULL_CONVERSION = YES;
				CLANG_WARN_OBJC_IMPLICIT_RETAIN_SELF = YES;
				CLANG_WARN_OBJC_LITERAL_CONVERSION = YES;
				CLANG_WARN_OBJC_ROOT_CLASS = YES_ERROR;
				CLANG_WARN_QUOTED_INCLUDE_IN_FRAMEWORK_HEADER = YES;
				CLANG_WARN_RANGE_LOOP_ANALYSIS = YES;
				CLANG_WARN_STRICT_PROTOTYPES = YES;
				CLANG_WARN_SUSPICIOUS_MOVE = YES;
				CLANG_WARN_UNGUARDED_AVAILABILITY = YES_AGGRESSIVE;
				CLANG_WARN_UNREACHABLE_CODE = YES;
				CLANG_WARN__DUPLICATE_METHOD_MATCH = YES;
				COPY_PHASE_STRIP = NO;
				DEBUG_INFORMATION_FORMAT = dwarf;
				ENABLE_STRICT_OBJC_MSGSEND = YES;
				ENABLE_TESTABILITY = YES;
				ENABLE_USER_SCRIPT_SANDBOXING = YES;
				GCC_C_LANGUAGE_STANDARD = gnu17;
				GCC_DYNAMIC_NO_PIC = NO;
				GCC_NO_COMMON_BLOCKS = YES;
				GCC_OPTIMIZATION_LEVEL = 0;
				GCC_PREPROCESSOR_DEFINITIONS = (
					"DEBUG=1",
					"$(inherited)",
				);
				GCC_WARN_64_TO_32_BIT_CONVERSION = YES;
				GCC_WARN_ABOUT_RETURN_TYPE = YES_ERROR;
				GCC_WARN_UNDECLARED_SELECTOR = YES;
				GCC_WARN_UNINITIALIZED_AUTOS = YES_AGGRESSIVE;
				GCC_WARN_UNUSED_FUNCTION = YES;
				GCC_WARN_UNUSED_VARIABLE = YES;
				IPHONEOS_DEPLOYMENT_TARGET = 18.2;
				LOCALIZATION_PREFERS_STRING_CATALOGS = YES;
				MTL_ENABLE_DEBUG_INFO = INCLUDE_SOURCE;
				MTL_FAST_MATH = YES;
				ONLY_ACTIVE_ARCH = YES;
				SDKROOT = iphoneos;
				SWIFT_ACTIVE_COMPILATION_CONDITIONS = "DEBUG $(inherited)";
				SWIFT_OPTIMIZATION_LEVEL = "-Onone";
			};
			name = Debug;
		};
		CE080CE52D88949A00429809 /* Release */ = {
			isa = XCBuildConfiguration;
			buildSettings = {
				ALWAYS_SEARCH_USER_PATHS = NO;
				ASSETCATALOG_COMPILER_GENERATE_SWIFT_ASSET_SYMBOL_EXTENSIONS = YES;
				CLANG_ANALYZER_NONNULL = YES;
				CLANG_ANALYZER_NUMBER_OBJECT_CONVERSION = YES_AGGRESSIVE;
				CLANG_CXX_LANGUAGE_STANDARD = "gnu++20";
				CLANG_ENABLE_MODULES = YES;
				CLANG_ENABLE_OBJC_ARC = YES;
				CLANG_ENABLE_OBJC_WEAK = YES;
				CLANG_WARN_BLOCK_CAPTURE_AUTORELEASING = YES;
				CLANG_WARN_BOOL_CONVERSION = YES;
				CLANG_WARN_COMMA = YES;
				CLANG_WARN_CONSTANT_CONVERSION = YES;
				CLANG_WARN_DEPRECATED_OBJC_IMPLEMENTATIONS = YES;
				CLANG_WARN_DIRECT_OBJC_ISA_USAGE = YES_ERROR;
				CLANG_WARN_DOCUMENTATION_COMMENTS = YES;
				CLANG_WARN_EMPTY_BODY = YES;
				CLANG_WARN_ENUM_CONVERSION = YES;
				CLANG_WARN_INFINITE_RECURSION = YES;
				CLANG_WARN_INT_CONVERSION = YES;
				CLANG_WARN_NON_LITERAL_NULL_CONVERSION = YES;
				CLANG_WARN_OBJC_IMPLICIT_RETAIN_SELF = YES;
				CLANG_WARN_OBJC_LITERAL_CONVERSION = YES;
				CLANG_WARN_OBJC_ROOT_CLASS = YES_ERROR;
				CLANG_WARN_QUOTED_INCLUDE_IN_FRAMEWORK_HEADER = YES;
				CLANG_WARN_RANGE_LOOP_ANALYSIS = YES;
				CLANG_WARN_STRICT_PROTOTYPES = YES;
				CLANG_WARN_SUSPICIOUS_MOVE = YES;
				CLANG_WARN_UNGUARDED_AVAILABILITY = YES_AGGRESSIVE;
				CLANG_WARN_UNREACHABLE_CODE = YES;
				CLANG_WARN__DUPLICATE_METHOD_MATCH = YES;
				COPY_PHASE_STRIP = NO;
				DEBUG_INFORMATION_FORMAT = "dwarf-with-dsym";
				ENABLE_NS_ASSERTIONS = NO;
				ENABLE_STRICT_OBJC_MSGSEND = YES;
				ENABLE_USER_SCRIPT_SANDBOXING = YES;
				GCC_C_LANGUAGE_STANDARD = gnu17;
				GCC_NO_COMMON_BLOCKS = YES;
				GCC_WARN_64_TO_32_BIT_CONVERSION = YES;
				GCC_WARN_ABOUT_RETURN_TYPE = YES_ERROR;
				GCC_WARN_UNDECLARED_SELECTOR = YES;
				GCC_WARN_UNINITIALIZED_AUTOS = YES_AGGRESSIVE;
				GCC_WARN_UNUSED_FUNCTION = YES;
				GCC_WARN_UNUSED_VARIABLE = YES;
				IPHONEOS_DEPLOYMENT_TARGET = 18.2;
				LOCALIZATION_PREFERS_STRING_CATALOGS = YES;
				MTL_ENABLE_DEBUG_INFO = NO;
				MTL_FAST_MATH = YES;
				SDKROOT = iphoneos;
				SWIFT_COMPILATION_MODE = wholemodule;
				VALIDATE_PRODUCT = YES;
			};
			name = Release;
		};
/* End XCBuildConfiguration section */

/* Begin XCConfigurationList section */
		CE080CC62D88949700429809 /* Build configuration list for PBXProject "Align2D" */ = {
			isa = XCConfigurationList;
			buildConfigurations = (
				CE080CE42D88949A00429809 /* Debug */,
				CE080CE52D88949A00429809 /* Release */,
			);
			defaultConfigurationIsVisible = 0;
			defaultConfigurationName = Release;
		};
		CE080CE12D88949A00429809 /* Build configuration list for PBXNativeTarget "Align2D" */ = {
			isa = XCConfigurationList;
			buildConfigurations = (
				CE080CE22D88949A00429809 /* Debug */,
				CE080CE32D88949A00429809 /* Release */,
			);
			defaultConfigurationIsVisible = 0;
			defaultConfigurationName = Release;
		};
/* End XCConfigurationList section */

/* Begin XCVersionGroup section */
		CE080CE62D8894A100429809 /* VectorEntity.xcdatamodeld */ = {
			isa = XCVersionGroup;
			children = (
				CE080CF12D8894A100429809 /* VectorEntity.xcdatamodel */,
			);
			currentVersion = CE080CF12D8894A100429809 /* VectorEntity.xcdatamodel */;
			path = VectorEntity.xcdatamodeld;
			sourceTree = "<group>";
			versionGroupType = wrapper.xcdatamodel;
		};
/* End XCVersionGroup section */
	};
	rootObject = CE080CC32D88949700429809 /* Project object */;
}
