// !$*UTF8*$!
{
	archiveVersion = 1;
	classes = {
	};
	objectVersion = 77;
	objects = {

/* Begin PBXBuildFile section */
		CE080CF22D8894A100429809 /* VectorEntity.xcdatamodeld in Sources */ = {isa = PBXBuildFile; fileRef = CE080CE62D8894A100429809 /* VectorEntity.xcdatamodeld */; };
		CE080CF32D8894A100429809 /* AppDelegate.swift in Sources */ = {isa = PBXBuildFile; fileRef = CE080CE72D8894A100429809 /* AppDelegate.swift */; };
		CE080CF42D8894A100429809 /* SceneDelegate.swift in Sources */ = {isa = PBXBuildFile; fileRef = CE080CEE2D8894A100429809 /* SceneDelegate.swift */; };
		CE080CF52D8894A100429809 /* MainViewController.swift in Sources */ = {isa = PBXBuildFile; fileRef = CE080CEF2D8894A100429809 /* MainViewController.swift */; };
		CE080CF62D8894A100429809 /* Assets.xcassets in Resources */ = {isa = PBXBuildFile; fileRef = CE080CE82D8894A100429809 /* Assets.xcassets */; };
		CE080CF82D8894A100429809 /* LaunchScreen.storyboard in Resources */ = {isa = PBXBuildFile; fileRef = CE080CEB2D8894A100429809 /* LaunchScreen.storyboard */; };
		CE080D002D8896A500429809 /* MainInteractor.swift in Sources */ = {isa = PBXBuildFile; fileRef = CE080CFF2D88969800429809 /* MainInteractor.swift */; };
		CE080D022D8896B200429809 /* MainPresenter.swift in Sources */ = {isa = PBXBuildFile; fileRef = CE080D012D8896AC00429809 /* MainPresenter.swift */; };
		CE080D042D8896BA00429809 /* MainRouter.swift in Sources */ = {isa = PBXBuildFile; fileRef = CE080D032D8896B500429809 /* MainRouter.swift */; };
		CE080D062D8896C700429809 /* MainConfigurator.swift in Sources */ = {isa = PBXBuildFile; fileRef = CE080D052D8896C300429809 /* MainConfigurator.swift */; };
		CE080D092D88975F00429809 /* StorageManager.swift in Sources */ = {isa = PBXBuildFile; fileRef = CE080D082D88975A00429809 /* StorageManager.swift */; };
		CE080D0B2D889F1200429809 /* MainWorker.swift in Sources */ = {isa = PBXBuildFile; fileRef = CE080D0A2D889F0E00429809 /* MainWorker.swift */; };
		CE080D0D2D889F3200429809 /* MainModel.swift in Sources */ = {isa = PBXBuildFile; fileRef = CE080D0C2D889F2F00429809 /* MainModel.swift */; };
		CE080D0F2D88A2FC00429809 /* VectorModel.swift in Sources */ = {isa = PBXBuildFile; fileRef = CE080D0E2D88A2F400429809 /* VectorModel.swift */; };
		CE080D122D88A6E200429809 /* Extension + UIColor.swift in Sources */ = {isa = PBXBuildFile; fileRef = CE080D112D88A6D800429809 /* Extension + UIColor.swift */; };
		CEC8A6832D8A081F009A48FC /* SideMenuViewController.swift in Sources */ = {isa = PBXBuildFile; fileRef = CEC8A6822D8A0812009A48FC /* SideMenuViewController.swift */; };
		CEC8A6862D8A0A89009A48FC /* AddVectorViewController.swift in Sources */ = {isa = PBXBuildFile; fileRef = CEC8A6852D8A0A89009A48FC /* AddVectorViewController.swift */; };
		CEC8A6882D8A12C5009A48FC /* AddVectorModel.swift in Sources */ = {isa = PBXBuildFile; fileRef = CEC8A6872D8A12BE009A48FC /* AddVectorModel.swift */; };
		CEC8A68A2D8A135A009A48FC /* AddVectorWorker.swift in Sources */ = {isa = PBXBuildFile; fileRef = CEC8A6892D8A1354009A48FC /* AddVectorWorker.swift */; };
		CEC8A68C2D8A1401009A48FC /* AddVectorInteractor.swift in Sources */ = {isa = PBXBuildFile; fileRef = CEC8A68B2D8A13FC009A48FC /* AddVectorInteractor.swift */; };
		CEC8A68E2D8A1456009A48FC /* AddVectorPresenter.swift in Sources */ = {isa = PBXBuildFile; fileRef = CEC8A68D2D8A1450009A48FC /* AddVectorPresenter.swift */; };
		CEC8A6902D8A14AF009A48FC /* AddVectorRouter.swift in Sources */ = {isa = PBXBuildFile; fileRef = CEC8A68F2D8A14A9009A48FC /* AddVectorRouter.swift */; };
		CEC8A6922D8A1913009A48FC /* AddVectorConfigurator.swift in Sources */ = {isa = PBXBuildFile; fileRef = CEC8A6912D8A190C009A48FC /* AddVectorConfigurator.swift */; };
		CEC8A6972D8B2727009A48FC /* TextField.swift in Sources */ = {isa = PBXBuildFile; fileRef = CEC8A6962D8B2727009A48FC /* TextField.swift */; };
		CEC8A6992D8B2A77009A48FC /* Extension + UIView.swift in Sources */ = {isa = PBXBuildFile; fileRef = CEC8A6982D8B2A71009A48FC /* Extension + UIView.swift */; };
		CEC8A69B2D8B2BE8009A48FC /* Label.swift in Sources */ = {isa = PBXBuildFile; fileRef = CEC8A69A2D8B2BE8009A48FC /* Label.swift */; };
		CEC8A69D2D8B3973009A48FC /* Button.swift in Sources */ = {isa = PBXBuildFile; fileRef = CEC8A69C2D8B3973009A48FC /* Button.swift */; };
		CECBD9382D8C709E002E596B /* Canvas.swift in Sources */ = {isa = PBXBuildFile; fileRef = CECBD9372D8C7097002E596B /* Canvas.swift */; };
		CECBD93A2D8CA5F3002E596B /* Extension + Collection.swift in Sources */ = {isa = PBXBuildFile; fileRef = CECBD9392D8CA5EA002E596B /* Extension + Collection.swift */; };
		CED44C932D8F5C31005EE0EF /* SideMenuCell.swift in Sources */ = {isa = PBXBuildFile; fileRef = CED44C922D8F5C31005EE0EF /* SideMenuCell.swift */; };
		CEED79852D8DD72F008B0FE3 /* SideMenuInteractor.swift in Sources */ = {isa = PBXBuildFile; fileRef = CEED79842D8DD729008B0FE3 /* SideMenuInteractor.swift */; };
		CEED79872D8DD738008B0FE3 /* SideMenuModel.swift in Sources */ = {isa = PBXBuildFile; fileRef = CEED79862D8DD733008B0FE3 /* SideMenuModel.swift */; };
		CEED79892D8DD740008B0FE3 /* SideMenuPresenter.swift in Sources */ = {isa = PBXBuildFile; fileRef = CEED79882D8DD73B008B0FE3 /* SideMenuPresenter.swift */; };
		CEED798B2D8DD749008B0FE3 /* SideMenuRouter.swift in Sources */ = {isa = PBXBuildFile; fileRef = CEED798A2D8DD745008B0FE3 /* SideMenuRouter.swift */; };
		CEED798D2D8DD754008B0FE3 /* SideMenuConfigurator.swift in Sources */ = {isa = PBXBuildFile; fileRef = CEED798C2D8DD74C008B0FE3 /* SideMenuConfigurator.swift */; };
		CEED798F2D8DD766008B0FE3 /* SideMenuWorker.swift in Sources */ = {isa = PBXBuildFile; fileRef = CEED798E2D8DD762008B0FE3 /* SideMenuWorker.swift */; };
/* End PBXBuildFile section */

/* Begin PBXFileReference section */
		CE080CCB2D88949700429809 /* Align2D.app */ = {isa = PBXFileReference; explicitFileType = wrapper.application; includeInIndex = 0; path = Align2D.app; sourceTree = BUILT_PRODUCTS_DIR; };
		CE080CE72D8894A100429809 /* AppDelegate.swift */ = {isa = PBXFileReference; lastKnownFileType = sourcecode.swift; path = AppDelegate.swift; sourceTree = "<group>"; };
		CE080CE82D8894A100429809 /* Assets.xcassets */ = {isa = PBXFileReference; lastKnownFileType = folder.assetcatalog; path = Assets.xcassets; sourceTree = "<group>"; };
		CE080CE92D8894A100429809 /* Info.plist */ = {isa = PBXFileReference; lastKnownFileType = text.plist.xml; path = Info.plist; sourceTree = "<group>"; };
		CE080CEA2D8894A100429809 /* Base */ = {isa = PBXFileReference; lastKnownFileType = file.storyboard; name = Base; path = Base.lproj/LaunchScreen.storyboard; sourceTree = "<group>"; };
		CE080CEE2D8894A100429809 /* SceneDelegate.swift */ = {isa = PBXFileReference; lastKnownFileType = sourcecode.swift; path = SceneDelegate.swift; sourceTree = "<group>"; };
		CE080CEF2D8894A100429809 /* MainViewController.swift */ = {isa = PBXFileReference; lastKnownFileType = sourcecode.swift; path = MainViewController.swift; sourceTree = "<group>"; };
		CE080CF12D8894A100429809 /* VectorEntity.xcdatamodel */ = {isa = PBXFileReference; lastKnownFileType = wrapper.xcdatamodel; path = VectorEntity.xcdatamodel; sourceTree = "<group>"; };
		CE080CFF2D88969800429809 /* MainInteractor.swift */ = {isa = PBXFileReference; lastKnownFileType = sourcecode.swift; path = MainInteractor.swift; sourceTree = "<group>"; };
		CE080D012D8896AC00429809 /* MainPresenter.swift */ = {isa = PBXFileReference; lastKnownFileType = sourcecode.swift; path = MainPresenter.swift; sourceTree = "<group>"; };
		CE080D032D8896B500429809 /* MainRouter.swift */ = {isa = PBXFileReference; lastKnownFileType = sourcecode.swift; path = MainRouter.swift; sourceTree = "<group>"; };
		CE080D052D8896C300429809 /* MainConfigurator.swift */ = {isa = PBXFileReference; lastKnownFileType = sourcecode.swift; path = MainConfigurator.swift; sourceTree = "<group>"; };
		CE080D082D88975A00429809 /* StorageManager.swift */ = {isa = PBXFileReference; lastKnownFileType = sourcecode.swift; path = StorageManager.swift; sourceTree = "<group>"; };
		CE080D0A2D889F0E00429809 /* MainWorker.swift */ = {isa = PBXFileReference; lastKnownFileType = sourcecode.swift; path = MainWorker.swift; sourceTree = "<group>"; };
		CE080D0C2D889F2F00429809 /* MainModel.swift */ = {isa = PBXFileReference; lastKnownFileType = sourcecode.swift; path = MainModel.swift; sourceTree = "<group>"; };
		CE080D0E2D88A2F400429809 /* VectorModel.swift */ = {isa = PBXFileReference; lastKnownFileType = sourcecode.swift; path = VectorModel.swift; sourceTree = "<group>"; };
		CE080D112D88A6D800429809 /* Extension + UIColor.swift */ = {isa = PBXFileReference; lastKnownFileType = sourcecode.swift; path = "Extension + UIColor.swift"; sourceTree = "<group>"; };
		CEC8A6822D8A0812009A48FC /* SideMenuViewController.swift */ = {isa = PBXFileReference; lastKnownFileType = sourcecode.swift; path = SideMenuViewController.swift; sourceTree = "<group>"; };
		CEC8A6852D8A0A89009A48FC /* AddVectorViewController.swift */ = {isa = PBXFileReference; lastKnownFileType = sourcecode.swift; path = AddVectorViewController.swift; sourceTree = "<group>"; };
		CEC8A6872D8A12BE009A48FC /* AddVectorModel.swift */ = {isa = PBXFileReference; lastKnownFileType = sourcecode.swift; path = AddVectorModel.swift; sourceTree = "<group>"; };
		CEC8A6892D8A1354009A48FC /* AddVectorWorker.swift */ = {isa = PBXFileReference; lastKnownFileType = sourcecode.swift; path = AddVectorWorker.swift; sourceTree = "<group>"; };
		CEC8A68B2D8A13FC009A48FC /* AddVectorInteractor.swift */ = {isa = PBXFileReference; lastKnownFileType = sourcecode.swift; path = AddVectorInteractor.swift; sourceTree = "<group>"; };
		CEC8A68D2D8A1450009A48FC /* AddVectorPresenter.swift */ = {isa = PBXFileReference; lastKnownFileType = sourcecode.swift; path = AddVectorPresenter.swift; sourceTree = "<group>"; };
		CEC8A68F2D8A14A9009A48FC /* AddVectorRouter.swift */ = {isa = PBXFileReference; lastKnownFileType = sourcecode.swift; path = AddVectorRouter.swift; sourceTree = "<group>"; };
		CEC8A6912D8A190C009A48FC /* AddVectorConfigurator.swift */ = {isa = PBXFileReference; lastKnownFileType = sourcecode.swift; path = AddVectorConfigurator.swift; sourceTree = "<group>"; };
		CEC8A6962D8B2727009A48FC /* TextField.swift */ = {isa = PBXFileReference; lastKnownFileType = sourcecode.swift; path = TextField.swift; sourceTree = "<group>"; };
		CEC8A6982D8B2A71009A48FC /* Extension + UIView.swift */ = {isa = PBXFileReference; lastKnownFileType = sourcecode.swift; path = "Extension + UIView.swift"; sourceTree = "<group>"; };
		CEC8A69A2D8B2BE8009A48FC /* Label.swift */ = {isa = PBXFileReference; lastKnownFileType = sourcecode.swift; path = Label.swift; sourceTree = "<group>"; };
		CEC8A69C2D8B3973009A48FC /* Button.swift */ = {isa = PBXFileReference; lastKnownFileType = sourcecode.swift; path = Button.swift; sourceTree = "<group>"; };
		CECBD9372D8C7097002E596B /* Canvas.swift */ = {isa = PBXFileReference; lastKnownFileType = sourcecode.swift; path = Canvas.swift; sourceTree = "<group>"; };
		CECBD9392D8CA5EA002E596B /* Extension + Collection.swift */ = {isa = PBXFileReference; lastKnownFileType = sourcecode.swift; path = "Extension + Collection.swift"; sourceTree = "<group>"; };
		CED44C922D8F5C31005EE0EF /* SideMenuCell.swift */ = {isa = PBXFileReference; lastKnownFileType = sourcecode.swift; path = SideMenuCell.swift; sourceTree = "<group>"; };
		CEED79842D8DD729008B0FE3 /* SideMenuInteractor.swift */ = {isa = PBXFileReference; lastKnownFileType = sourcecode.swift; path = SideMenuInteractor.swift; sourceTree = "<group>"; };
		CEED79862D8DD733008B0FE3 /* SideMenuModel.swift */ = {isa = PBXFileReference; lastKnownFileType = sourcecode.swift; path = SideMenuModel.swift; sourceTree = "<group>"; };
		CEED79882D8DD73B008B0FE3 /* SideMenuPresenter.swift */ = {isa = PBXFileReference; lastKnownFileType = sourcecode.swift; path = SideMenuPresenter.swift; sourceTree = "<group>"; };
		CEED798A2D8DD745008B0FE3 /* SideMenuRouter.swift */ = {isa = PBXFileReference; lastKnownFileType = sourcecode.swift; path = SideMenuRouter.swift; sourceTree = "<group>"; };
		CEED798C2D8DD74C008B0FE3 /* SideMenuConfigurator.swift */ = {isa = PBXFileReference; lastKnownFileType = sourcecode.swift; path = SideMenuConfigurator.swift; sourceTree = "<group>"; };
		CEED798E2D8DD762008B0FE3 /* SideMenuWorker.swift */ = {isa = PBXFileReference; lastKnownFileType = sourcecode.swift; path = SideMenuWorker.swift; sourceTree = "<group>"; };
/* End PBXFileReference section */

/* Begin PBXFrameworksBuildPhase section */
		CE080CC82D88949700429809 /* Frameworks */ = {
			isa = PBXFrameworksBuildPhase;
			buildActionMask = 2147483647;
			files = (
			);
			runOnlyForDeploymentPostprocessing = 0;
		};
/* End PBXFrameworksBuildPhase section */

/* Begin PBXGroup section */
		CE080CC22D88949700429809 = {
			isa = PBXGroup;
			children = (
				CE080CF02D8894A100429809 /* Align2D */,
				CE080CCC2D88949700429809 /* Products */,
			);
			sourceTree = "<group>";
		};
		CE080CCC2D88949700429809 /* Products */ = {
			isa = PBXGroup;
			children = (
				CE080CCB2D88949700429809 /* Align2D.app */,
			);
			name = Products;
			sourceTree = "<group>";
		};
		CE080CF02D8894A100429809 /* Align2D */ = {
			isa = PBXGroup;
			children = (
				CEC8A6932D8B26F0009A48FC /* Views */,
				CE080D132D88C5FF00429809 /* Canvas */,
				CEED79832D8DD6D3008B0FE3 /* ViewControllers */,
				CE080CFC2D88951500429809 /* Models */,
				CE080CFE2D88968D00429809 /* Services */,
				CE080D102D88A6D100429809 /* Extensions */,
				CE080D072D8896D500429809 /* LaunchScreen */,
				CE080CFB2D88950900429809 /* Resources */,
				CE080CFA2D8894E800429809 /* Apps */,
			);
			path = Align2D;
			sourceTree = "<group>";
		};
		CE080CFA2D8894E800429809 /* Apps */ = {
			isa = PBXGroup;
			children = (
				CE080CE72D8894A100429809 /* AppDelegate.swift */,
				CE080CEE2D8894A100429809 /* SceneDelegate.swift */,
				CE080CE92D8894A100429809 /* Info.plist */,
			);
			path = Apps;
			sourceTree = "<group>";
		};
		CE080CFB2D88950900429809 /* Resources */ = {
			isa = PBXGroup;
			children = (
				CE080CE82D8894A100429809 /* Assets.xcassets */,
			);
			path = Resources;
			sourceTree = "<group>";
		};
		CE080CFC2D88951500429809 /* Models */ = {
			isa = PBXGroup;
			children = (
				CE080D0E2D88A2F400429809 /* VectorModel.swift */,
				CE080CE62D8894A100429809 /* VectorEntity.xcdatamodeld */,
			);
			path = Models;
			sourceTree = "<group>";
		};
		CE080CFD2D88957A00429809 /* MainViewController */ = {
			isa = PBXGroup;
			children = (
				CE080CEF2D8894A100429809 /* MainViewController.swift */,
				CE080CFF2D88969800429809 /* MainInteractor.swift */,
				CE080D012D8896AC00429809 /* MainPresenter.swift */,
				CE080D032D8896B500429809 /* MainRouter.swift */,
				CE080D0A2D889F0E00429809 /* MainWorker.swift */,
				CE080D0C2D889F2F00429809 /* MainModel.swift */,
				CE080D052D8896C300429809 /* MainConfigurator.swift */,
			);
			path = MainViewController;
			sourceTree = "<group>";
		};
		CE080CFE2D88968D00429809 /* Services */ = {
			isa = PBXGroup;
			children = (
				CE080D082D88975A00429809 /* StorageManager.swift */,
			);
			path = Services;
			sourceTree = "<group>";
		};
		CE080D072D8896D500429809 /* LaunchScreen */ = {
			isa = PBXGroup;
			children = (
				CE080CEB2D8894A100429809 /* LaunchScreen.storyboard */,
			);
			path = LaunchScreen;
			sourceTree = "<group>";
		};
		CE080D102D88A6D100429809 /* Extensions */ = {
			isa = PBXGroup;
			children = (
				CE080D112D88A6D800429809 /* Extension + UIColor.swift */,
				CEC8A6982D8B2A71009A48FC /* Extension + UIView.swift */,
				CECBD9392D8CA5EA002E596B /* Extension + Collection.swift */,
			);
			path = Extensions;
			sourceTree = "<group>";
		};
		CE080D132D88C5FF00429809 /* Canvas */ = {
			isa = PBXGroup;
			children = (
				CECBD9372D8C7097002E596B /* Canvas.swift */,
			);
			path = Canvas;
			sourceTree = "<group>";
		};
		CEC8A6812D8A07F4009A48FC /* SideMenuViewController */ = {
			isa = PBXGroup;
			children = (
				CED44C8F2D8F5661005EE0EF /* SideMenuCell */,
				CEC8A6822D8A0812009A48FC /* SideMenuViewController.swift */,
				CEED79842D8DD729008B0FE3 /* SideMenuInteractor.swift */,
				CEED79862D8DD733008B0FE3 /* SideMenuModel.swift */,
				CEED79882D8DD73B008B0FE3 /* SideMenuPresenter.swift */,
				CEED798A2D8DD745008B0FE3 /* SideMenuRouter.swift */,
				CEED798E2D8DD762008B0FE3 /* SideMenuWorker.swift */,
				CEED798C2D8DD74C008B0FE3 /* SideMenuConfigurator.swift */,
			);
			path = SideMenuViewController;
			sourceTree = "<group>";
		};
		CEC8A6842D8A0A6E009A48FC /* AddVectorViewController */ = {
			isa = PBXGroup;
			children = (
				CEC8A6852D8A0A89009A48FC /* AddVectorViewController.swift */,
				CEC8A6872D8A12BE009A48FC /* AddVectorModel.swift */,
				CEC8A6892D8A1354009A48FC /* AddVectorWorker.swift */,
				CEC8A68B2D8A13FC009A48FC /* AddVectorInteractor.swift */,
				CEC8A68D2D8A1450009A48FC /* AddVectorPresenter.swift */,
				CEC8A68F2D8A14A9009A48FC /* AddVectorRouter.swift */,
				CEC8A6912D8A190C009A48FC /* AddVectorConfigurator.swift */,
			);
			path = AddVectorViewController;
			sourceTree = "<group>";
		};
		CEC8A6932D8B26F0009A48FC /* Views */ = {
			isa = PBXGroup;
			children = (
				CEC8A6962D8B2727009A48FC /* TextField.swift */,
				CEC8A69A2D8B2BE8009A48FC /* Label.swift */,
				CEC8A69C2D8B3973009A48FC /* Button.swift */,
			);
			path = Views;
			sourceTree = "<group>";
		};
		CED44C8F2D8F5661005EE0EF /* SideMenuCell */ = {
			isa = PBXGroup;
			children = (
				CED44C922D8F5C31005EE0EF /* SideMenuCell.swift */,
			);
			path = SideMenuCell;
			sourceTree = "<group>";
		};
		CEED79832D8DD6D3008B0FE3 /* ViewControllers */ = {
			isa = PBXGroup;
			children = (
				CE080CFD2D88957A00429809 /* MainViewController */,
				CEC8A6842D8A0A6E009A48FC /* AddVectorViewController */,
				CEC8A6812D8A07F4009A48FC /* SideMenuViewController */,
			);
			path = ViewControllers;
			sourceTree = "<group>";
		};
/* End PBXGroup section */

/* Begin PBXNativeTarget section */
		CE080CCA2D88949700429809 /* Align2D */ = {
			isa = PBXNativeTarget;
			buildConfigurationList = CE080CE12D88949A00429809 /* Build configuration list for PBXNativeTarget "Align2D" */;
			buildPhases = (
				CE080CC72D88949700429809 /* Sources */,
				CE080CC82D88949700429809 /* Frameworks */,
				CE080CC92D88949700429809 /* Resources */,
			);
			buildRules = (
			);
			dependencies = (
			);
			name = Align2D;
			packageProductDependencies = (
			);
			productName = Align2D;
			productReference = CE080CCB2D88949700429809 /* Align2D.app */;
			productType = "com.apple.product-type.application";
		};
/* End PBXNativeTarget section */

/* Begin PBXProject section */
		CE080CC32D88949700429809 /* Project object */ = {
			isa = PBXProject;
			attributes = {
				BuildIndependentTargetsInParallel = 1;
				LastSwiftUpdateCheck = 1620;
				LastUpgradeCheck = 1620;
				TargetAttributes = {
					CE080CCA2D88949700429809 = {
						CreatedOnToolsVersion = 16.2;
					};
				};
			};
			buildConfigurationList = CE080CC62D88949700429809 /* Build configuration list for PBXProject "Align2D" */;
			developmentRegion = en;
			hasScannedForEncodings = 0;
			knownRegions = (
				en,
				Base,
			);
			mainGroup = CE080CC22D88949700429809;
			minimizedProjectReferenceProxies = 1;
			preferredProjectObjectVersion = 77;
			productRefGroup = CE080CCC2D88949700429809 /* Products */;
			projectDirPath = "";
			projectRoot = "";
			targets = (
				CE080CCA2D88949700429809 /* Align2D */,
			);
		};
/* End PBXProject section */

/* Begin PBXResourcesBuildPhase section */
		CE080CC92D88949700429809 /* Resources */ = {
			isa = PBXResourcesBuildPhase;
			buildActionMask = 2147483647;
			files = (
				CE080CF62D8894A100429809 /* Assets.xcassets in Resources */,
				CE080CF82D8894A100429809 /* LaunchScreen.storyboard in Resources */,
			);
			runOnlyForDeploymentPostprocessing = 0;
		};
/* End PBXResourcesBuildPhase section */

/* Begin PBXSourcesBuildPhase section */
		CE080CC72D88949700429809 /* Sources */ = {
			isa = PBXSourcesBuildPhase;
			buildActionMask = 2147483647;
			files = (
				CEC8A69D2D8B3973009A48FC /* Button.swift in Sources */,
				CED44C932D8F5C31005EE0EF /* SideMenuCell.swift in Sources */,
				CE080CF22D8894A100429809 /* VectorEntity.xcdatamodeld in Sources */,
				CEED798D2D8DD754008B0FE3 /* SideMenuConfigurator.swift in Sources */,
				CEC8A69B2D8B2BE8009A48FC /* Label.swift in Sources */,
				CE080D062D8896C700429809 /* MainConfigurator.swift in Sources */,
				CEC8A68A2D8A135A009A48FC /* AddVectorWorker.swift in Sources */,
				CE080D042D8896BA00429809 /* MainRouter.swift in Sources */,
				CEED79892D8DD740008B0FE3 /* SideMenuPresenter.swift in Sources */,
				CEC8A6972D8B2727009A48FC /* TextField.swift in Sources */,
				CEED798F2D8DD766008B0FE3 /* SideMenuWorker.swift in Sources */,
				CEC8A6862D8A0A89009A48FC /* AddVectorViewController.swift in Sources */,
				CEED79852D8DD72F008B0FE3 /* SideMenuInteractor.swift in Sources */,
				CEC8A6922D8A1913009A48FC /* AddVectorConfigurator.swift in Sources */,
				CE080D022D8896B200429809 /* MainPresenter.swift in Sources */,
				CE080CF32D8894A100429809 /* AppDelegate.swift in Sources */,
				CE080CF42D8894A100429809 /* SceneDelegate.swift in Sources */,
				CE080D0D2D889F3200429809 /* MainModel.swift in Sources */,
				CECBD93A2D8CA5F3002E596B /* Extension + Collection.swift in Sources */,
				CE080D002D8896A500429809 /* MainInteractor.swift in Sources */,
				CEED79872D8DD738008B0FE3 /* SideMenuModel.swift in Sources */,
				CEC8A6902D8A14AF009A48FC /* AddVectorRouter.swift in Sources */,
				CE080D122D88A6E200429809 /* Extension + UIColor.swift in Sources */,
				CEC8A6882D8A12C5009A48FC /* AddVectorModel.swift in Sources */,
				CE080D0F2D88A2FC00429809 /* VectorModel.swift in Sources */,
				CECBD9382D8C709E002E596B /* Canvas.swift in Sources */,
				CEED798B2D8DD749008B0FE3 /* SideMenuRouter.swift in Sources */,
				CE080D092D88975F00429809 /* StorageManager.swift in Sources */,
				CEC8A68E2D8A1456009A48FC /* AddVectorPresenter.swift in Sources */,
				CE080D0B2D889F1200429809 /* MainWorker.swift in Sources */,
				CEC8A6992D8B2A77009A48FC /* Extension + UIView.swift in Sources */,
				CEC8A6832D8A081F009A48FC /* SideMenuViewController.swift in Sources */,
				CE080CF52D8894A100429809 /* MainViewController.swift in Sources */,
				CEC8A68C2D8A1401009A48FC /* AddVectorInteractor.swift in Sources */,
			);
			runOnlyForDeploymentPostprocessing = 0;
		};
/* End PBXSourcesBuildPhase section */

/* Begin PBXVariantGroup section */
		CE080CEB2D8894A100429809 /* LaunchScreen.storyboard */ = {
			isa = PBXVariantGroup;
			children = (
				CE080CEA2D8894A100429809 /* Base */,
			);
			name = LaunchScreen.storyboard;
			sourceTree = "<group>";
		};
/* End PBXVariantGroup section */

/* Begin XCBuildConfiguration section */
		CE080CE22D88949A00429809 /* Debug */ = {
			isa = XCBuildConfiguration;
			buildSettings = {
				ASSETCATALOG_COMPILER_APPICON_NAME = AppIcon;
				ASSETCATALOG_COMPILER_GLOBAL_ACCENT_COLOR_NAME = AccentColor;
				CODE_SIGN_STYLE = Automatic;
				CURRENT_PROJECT_VERSION = 1;
				DEVELOPMENT_TEAM = 24Q9WM75S6;
				GENERATE_INFOPLIST_FILE = YES;
				INFOPLIST_FILE = Align2D/Apps/Info.plist;
				INFOPLIST_KEY_UIApplicationSupportsIndirectInputEvents = YES;
				INFOPLIST_KEY_UILaunchStoryboardName = LaunchScreen;
				INFOPLIST_KEY_UISupportedInterfaceOrientations = UIInterfaceOrientationPortrait;
				INFOPLIST_KEY_UISupportedInterfaceOrientations_iPad = "UIInterfaceOrientationLandscapeLeft UIInterfaceOrientationLandscapeRight UIInterfaceOrientationPortrait UIInterfaceOrientationPortraitUpsideDown";
				IPHONEOS_DEPLOYMENT_TARGET = 17.0;
				LD_RUNPATH_SEARCH_PATHS = (
					"$(inherited)",
					"@executable_path/Frameworks",
				);
				MARKETING_VERSION = 1.0;
				PRODUCT_BUNDLE_IDENTIFIER = AlexHalushko.Align2D;
				PRODUCT_NAME = "$(TARGET_NAME)";
				SUPPORTED_PLATFORMS = "iphoneos iphonesimulator";
				SUPPORTS_MACCATALYST = NO;
				SUPPORTS_MAC_DESIGNED_FOR_IPHONE_IPAD = NO;
				SUPPORTS_XR_DESIGNED_FOR_IPHONE_IPAD = NO;
				SWIFT_EMIT_LOC_STRINGS = YES;
				SWIFT_VERSION = 5.0;
				TARGETED_DEVICE_FAMILY = 1;
			};
			name = Debug;
		};
		CE080CE32D88949A00429809 /* Release */ = {
			isa = XCBuildConfiguration;
			buildSettings = {
				ASSETCATALOG_COMPILER_APPICON_NAME = AppIcon;
				ASSETCATALOG_COMPILER_GLOBAL_ACCENT_COLOR_NAME = AccentColor;
				CODE_SIGN_STYLE = Automatic;
				CURRENT_PROJECT_VERSION = 1;
				DEVELOPMENT_TEAM = 24Q9WM75S6;
				GENERATE_INFOPLIST_FILE = YES;
				INFOPLIST_FILE = Align2D/Apps/Info.plist;
				INFOPLIST_KEY_UIApplicationSupportsIndirectInputEvents = YES;
				INFOPLIST_KEY_UILaunchStoryboardName = LaunchScreen;
				INFOPLIST_KEY_UISupportedInterfaceOrientations = UIInterfaceOrientationPortrait;
				INFOPLIST_KEY_UISupportedInterfaceOrientations_iPad = "UIInterfaceOrientationLandscapeLeft UIInterfaceOrientationLandscapeRight UIInterfaceOrientationPortrait UIInterfaceOrientationPortraitUpsideDown";
				IPHONEOS_DEPLOYMENT_TARGET = 17.0;
				LD_RUNPATH_SEARCH_PATHS = (
					"$(inherited)",
					"@executable_path/Frameworks",
				);
				MARKETING_VERSION = 1.0;
				PRODUCT_BUNDLE_IDENTIFIER = AlexHalushko.Align2D;
				PRODUCT_NAME = "$(TARGET_NAME)";
				SUPPORTED_PLATFORMS = "iphoneos iphonesimulator";
				SUPPORTS_MACCATALYST = NO;
				SUPPORTS_MAC_DESIGNED_FOR_IPHONE_IPAD = NO;
				SUPPORTS_XR_DESIGNED_FOR_IPHONE_IPAD = NO;
				SWIFT_EMIT_LOC_STRINGS = YES;
				SWIFT_VERSION = 5.0;
				TARGETED_DEVICE_FAMILY = 1;
			};
			name = Release;
		};
		CE080CE42D88949A00429809 /* Debug */ = {
			isa = XCBuildConfiguration;
			buildSettings = {
				ALWAYS_SEARCH_USER_PATHS = NO;
				ASSETCATALOG_COMPILER_GENERATE_SWIFT_ASSET_SYMBOL_EXTENSIONS = YES;
				CLANG_ANALYZER_NONNULL = YES;
				CLANG_ANALYZER_NUMBER_OBJECT_CONVERSION = YES_AGGRESSIVE;
				CLANG_CXX_LANGUAGE_STANDARD = "gnu++20";
				CLANG_ENABLE_MODULES = YES;
				CLANG_ENABLE_OBJC_ARC = YES;
				CLANG_ENABLE_OBJC_WEAK = YES;
				CLANG_WARN_BLOCK_CAPTURE_AUTORELEASING = YES;
				CLANG_WARN_BOOL_CONVERSION = YES;
				CLANG_WARN_COMMA = YES;
				CLANG_WARN_CONSTANT_CONVERSION = YES;
				CLANG_WARN_DEPRECATED_OBJC_IMPLEMENTATIONS = YES;
				CLANG_WARN_DIRECT_OBJC_ISA_USAGE = YES_ERROR;
				CLANG_WARN_DOCUMENTATION_COMMENTS = YES;
				CLANG_WARN_EMPTY_BODY = YES;
				CLANG_WARN_ENUM_CONVERSION = YES;
				CLANG_WARN_INFINITE_RECURSION = YES;
				CLANG_WARN_INT_CONVERSION = YES;
				CLANG_WARN_NON_LITERAL_NULL_CONVERSION = YES;
				CLANG_WARN_OBJC_IMPLICIT_RETAIN_SELF = YES;
				CLANG_WARN_OBJC_LITERAL_CONVERSION = YES;
				CLANG_WARN_OBJC_ROOT_CLASS = YES_ERROR;
				CLANG_WARN_QUOTED_INCLUDE_IN_FRAMEWORK_HEADER = YES;
				CLANG_WARN_RANGE_LOOP_ANALYSIS = YES;
				CLANG_WARN_STRICT_PROTOTYPES = YES;
				CLANG_WARN_SUSPICIOUS_MOVE = YES;
				CLANG_WARN_UNGUARDED_AVAILABILITY = YES_AGGRESSIVE;
				CLANG_WARN_UNREACHABLE_CODE = YES;
				CLANG_WARN__DUPLICATE_METHOD_MATCH = YES;
				COPY_PHASE_STRIP = NO;
				DEBUG_INFORMATION_FORMAT = dwarf;
				ENABLE_STRICT_OBJC_MSGSEND = YES;
				ENABLE_TESTABILITY = YES;
				ENABLE_USER_SCRIPT_SANDBOXING = YES;
				GCC_C_LANGUAGE_STANDARD = gnu17;
				GCC_DYNAMIC_NO_PIC = NO;
				GCC_NO_COMMON_BLOCKS = YES;
				GCC_OPTIMIZATION_LEVEL = 0;
				GCC_PREPROCESSOR_DEFINITIONS = (
					"DEBUG=1",
					"$(inherited)",
				);
				GCC_WARN_64_TO_32_BIT_CONVERSION = YES;
				GCC_WARN_ABOUT_RETURN_TYPE = YES_ERROR;
				GCC_WARN_UNDECLARED_SELECTOR = YES;
				GCC_WARN_UNINITIALIZED_AUTOS = YES_AGGRESSIVE;
				GCC_WARN_UNUSED_FUNCTION = YES;
				GCC_WARN_UNUSED_VARIABLE = YES;
				IPHONEOS_DEPLOYMENT_TARGET = 18.2;
				LOCALIZATION_PREFERS_STRING_CATALOGS = YES;
				MTL_ENABLE_DEBUG_INFO = INCLUDE_SOURCE;
				MTL_FAST_MATH = YES;
				ONLY_ACTIVE_ARCH = YES;
				SDKROOT = iphoneos;
				SWIFT_ACTIVE_COMPILATION_CONDITIONS = "DEBUG $(inherited)";
				SWIFT_OPTIMIZATION_LEVEL = "-Onone";
			};
			name = Debug;
		};
		CE080CE52D88949A00429809 /* Release */ = {
			isa = XCBuildConfiguration;
			buildSettings = {
				ALWAYS_SEARCH_USER_PATHS = NO;
				ASSETCATALOG_COMPILER_GENERATE_SWIFT_ASSET_SYMBOL_EXTENSIONS = YES;
				CLANG_ANALYZER_NONNULL = YES;
				CLANG_ANALYZER_NUMBER_OBJECT_CONVERSION = YES_AGGRESSIVE;
				CLANG_CXX_LANGUAGE_STANDARD = "gnu++20";
				CLANG_ENABLE_MODULES = YES;
				CLANG_ENABLE_OBJC_ARC = YES;
				CLANG_ENABLE_OBJC_WEAK = YES;
				CLANG_WARN_BLOCK_CAPTURE_AUTORELEASING = YES;
				CLANG_WARN_BOOL_CONVERSION = YES;
				CLANG_WARN_COMMA = YES;
				CLANG_WARN_CONSTANT_CONVERSION = YES;
				CLANG_WARN_DEPRECATED_OBJC_IMPLEMENTATIONS = YES;
				CLANG_WARN_DIRECT_OBJC_ISA_USAGE = YES_ERROR;
				CLANG_WARN_DOCUMENTATION_COMMENTS = YES;
				CLANG_WARN_EMPTY_BODY = YES;
				CLANG_WARN_ENUM_CONVERSION = YES;
				CLANG_WARN_INFINITE_RECURSION = YES;
				CLANG_WARN_INT_CONVERSION = YES;
				CLANG_WARN_NON_LITERAL_NULL_CONVERSION = YES;
				CLANG_WARN_OBJC_IMPLICIT_RETAIN_SELF = YES;
				CLANG_WARN_OBJC_LITERAL_CONVERSION = YES;
				CLANG_WARN_OBJC_ROOT_CLASS = YES_ERROR;
				CLANG_WARN_QUOTED_INCLUDE_IN_FRAMEWORK_HEADER = YES;
				CLANG_WARN_RANGE_LOOP_ANALYSIS = YES;
				CLANG_WARN_STRICT_PROTOTYPES = YES;
				CLANG_WARN_SUSPICIOUS_MOVE = YES;
				CLANG_WARN_UNGUARDED_AVAILABILITY = YES_AGGRESSIVE;
				CLANG_WARN_UNREACHABLE_CODE = YES;
				CLANG_WARN__DUPLICATE_METHOD_MATCH = YES;
				COPY_PHASE_STRIP = NO;
				DEBUG_INFORMATION_FORMAT = "dwarf-with-dsym";
				ENABLE_NS_ASSERTIONS = NO;
				ENABLE_STRICT_OBJC_MSGSEND = YES;
				ENABLE_USER_SCRIPT_SANDBOXING = YES;
				GCC_C_LANGUAGE_STANDARD = gnu17;
				GCC_NO_COMMON_BLOCKS = YES;
				GCC_WARN_64_TO_32_BIT_CONVERSION = YES;
				GCC_WARN_ABOUT_RETURN_TYPE = YES_ERROR;
				GCC_WARN_UNDECLARED_SELECTOR = YES;
				GCC_WARN_UNINITIALIZED_AUTOS = YES_AGGRESSIVE;
				GCC_WARN_UNUSED_FUNCTION = YES;
				GCC_WARN_UNUSED_VARIABLE = YES;
				IPHONEOS_DEPLOYMENT_TARGET = 18.2;
				LOCALIZATION_PREFERS_STRING_CATALOGS = YES;
				MTL_ENABLE_DEBUG_INFO = NO;
				MTL_FAST_MATH = YES;
				SDKROOT = iphoneos;
				SWIFT_COMPILATION_MODE = wholemodule;
				VALIDATE_PRODUCT = YES;
			};
			name = Release;
		};
/* End XCBuildConfiguration section */

/* Begin XCConfigurationList section */
		CE080CC62D88949700429809 /* Build configuration list for PBXProject "Align2D" */ = {
			isa = XCConfigurationList;
			buildConfigurations = (
				CE080CE42D88949A00429809 /* Debug */,
				CE080CE52D88949A00429809 /* Release */,
			);
			defaultConfigurationIsVisible = 0;
			defaultConfigurationName = Release;
		};
		CE080CE12D88949A00429809 /* Build configuration list for PBXNativeTarget "Align2D" */ = {
			isa = XCConfigurationList;
			buildConfigurations = (
				CE080CE22D88949A00429809 /* Debug */,
				CE080CE32D88949A00429809 /* Release */,
			);
			defaultConfigurationIsVisible = 0;
			defaultConfigurationName = Release;
		};
/* End XCConfigurationList section */

/* Begin XCVersionGroup section */
		CE080CE62D8894A100429809 /* VectorEntity.xcdatamodeld */ = {
			isa = XCVersionGroup;
			children = (
				CE080CF12D8894A100429809 /* VectorEntity.xcdatamodel */,
			);
			currentVersion = CE080CF12D8894A100429809 /* VectorEntity.xcdatamodel */;
			path = VectorEntity.xcdatamodeld;
			sourceTree = "<group>";
			versionGroupType = wrapper.xcdatamodel;
		};
/* End XCVersionGroup section */
	};
	rootObject = CE080CC32D88949700429809 /* Project object */;
}
